
Microsoft Visual Studio Solution File, Format Version 12.00
# Visual Studio 15
VisualStudioVersion = 15.0.28307.1082
MinimumVisualStudioVersion = 10.0.40219.1
Project("{8BC9CEB8-8B4A-11D0-8D11-00A0C91BC942}") = "IntroductionToOOP", "IntroductionToOOP\IntroductionToOOP.vcxproj", "{8820EA96-725B-41C1-A052-8C174F2509A9}"
EndProject
Global
	GlobalSection(SolutionConfigurationPlatforms) = preSolution
		Debug|x64 = Debug|x64
		Debug|x86 = Debug|x86
		Release|x64 = Release|x64
		Release|x86 = Release|x86
	EndGlobalSection
	GlobalSection(ProjectConfigurationPlatforms) = postSolution
		{8820EA96-725B-41C1-A052-8C174F2509A9}.Debug|x64.ActiveCfg = Debug|x64
		{8820EA96-725B-41C1-A052-8C174F2509A9}.Debug|x64.Build.0 = Debug|x64
		{8820EA96-725B-41C1-A052-8C174F2509A9}.Debug|x86.ActiveCfg = Debug|Win32
		{8820EA96-725B-41C1-A052-8C174F2509A9}.Debug|x86.Build.0 = Debug|Win32
		{8820EA96-725B-41C1-A052-8C174F2509A9}.Release|x64.ActiveCfg = Release|x64
		{8820EA96-725B-41C1-A052-8C174F2509A9}.Release|x64.Build.0 = Release|x64
		{8820EA96-725B-41C1-A052-8C174F2509A9}.Release|x86.ActiveCfg = Release|Win32
		{8820EA96-725B-41C1-A052-8C174F2509A9}.Release|x86.Build.0 = Release|Win32
	EndGlobalSection
	GlobalSection(SolutionProperties) = preSolution
		HideSolutionNode = FALSE
	EndGlobalSection
	GlobalSection(ExtensibilityGlobals) = postSolution
		SolutionGuid = {660C8180-F34B-4EC6-8BEB-F0E5473B332E}
	EndGlobalSection
EndGlobal
